{
  "version": 4,
  "terraform_version": "1.5.4",
  "serial": 3,
  "lineage": "702add5c-dd02-b779-a4e4-aea8d4bc8f9d",
  "outputs": {
    "RgName": {
      "value": "tfexampleRG",
      "type": "string"
    },
    "StgAccount": {
      "value": "exampl2",
      "type": "string"
    }
  },
  "resources": [
    {
      "module": "module.ResourceGroup",
      "mode": "managed",
      "type": "azurerm_resource_group",
      "name": "example",
      "provider": "provider[\"registry.terraform.io/hashicorp/azurerm\"]",
      "instances": [
        {
          "schema_version": 0,
          "attributes": {
            "id": "/subscriptions/813e3e4b-e6e0-498f-a213-9a997af21387/resourceGroups/tfexampleRG",
            "location": "eastus",
            "name": "tfexampleRG",
            "tags": null,
            "timeouts": null
          },
          "sensitive_attributes": [],
          "private": "eyJlMmJmYjczMC1lY2FhLTExZTYtOGY4OC0zNDM2M2JjN2M0YzAiOnsiY3JlYXRlIjo1NDAwMDAwMDAwMDAwLCJkZWxldGUiOjU0MDAwMDAwMDAwMDAsInJlYWQiOjMwMDAwMDAwMDAwMCwidXBkYXRlIjo1NDAwMDAwMDAwMDAwfX0="
        }
      ]
    },
    {
      "module": "module.StorageAccount",
      "mode": "managed",
      "type": "azurerm_storage_account",
      "name": "examplestg",
      "provider": "provider[\"registry.terraform.io/hashicorp/azurerm\"]",
      "instances": [
        {
          "schema_version": 3,
          "attributes": {
            "access_tier": "Hot",
            "account_kind": "StorageV2",
            "account_replication_type": "GRS",
            "account_tier": "Standard",
            "allow_nested_items_to_be_public": true,
            "azure_files_authentication": [],
            "blob_properties": [
              {
                "change_feed_enabled": false,
                "container_delete_retention_policy": [],
                "cors_rule": [],
                "default_service_version": "",
                "delete_retention_policy": [],
                "last_access_time_enabled": false,
                "versioning_enabled": false
              }
            ],
            "custom_domain": [],
            "customer_managed_key": [],
            "edge_zone": "",
            "enable_https_traffic_only": true,
            "id": "/subscriptions/813e3e4b-e6e0-498f-a213-9a997af21387/resourceGroups/tfexampleRG/providers/Microsoft.Storage/storageAccounts/exampl2",
            "identity": [],
            "infrastructure_encryption_enabled": false,
            "is_hns_enabled": false,
            "large_file_share_enabled": null,
            "location": "eastus",
            "min_tls_version": "TLS1_2",
            "name": "exampl2",
            "network_rules": [
              {
                "bypass": [
                  "AzureServices"
                ],
                "default_action": "Allow",
                "ip_rules": [],
                "private_link_access": [],
                "virtual_network_subnet_ids": []
              }
            ],
            "nfsv3_enabled": false,
            "primary_access_key": "7kbRVGbJhgj3x1H41gybjh2MFYAS0XqP4K3cUURm6R7gqmIxSiDZiJBjMmKAW2kU380Rk3U6IqCS+AStL+M+GQ==",
            "primary_blob_connection_string": "DefaultEndpointsProtocol=https;BlobEndpoint=https://exampl2.blob.core.windows.net/;AccountName=exampl2;AccountKey=7kbRVGbJhgj3x1H41gybjh2MFYAS0XqP4K3cUURm6R7gqmIxSiDZiJBjMmKAW2kU380Rk3U6IqCS+AStL+M+GQ==",
            "primary_blob_endpoint": "https://exampl2.blob.core.windows.net/",
            "primary_blob_host": "exampl2.blob.core.windows.net",
            "primary_connection_string": "DefaultEndpointsProtocol=https;AccountName=exampl2;AccountKey=7kbRVGbJhgj3x1H41gybjh2MFYAS0XqP4K3cUURm6R7gqmIxSiDZiJBjMmKAW2kU380Rk3U6IqCS+AStL+M+GQ==;EndpointSuffix=core.windows.net",
            "primary_dfs_endpoint": "https://exampl2.dfs.core.windows.net/",
            "primary_dfs_host": "exampl2.dfs.core.windows.net",
            "primary_file_endpoint": "https://exampl2.file.core.windows.net/",
            "primary_file_host": "exampl2.file.core.windows.net",
            "primary_location": "eastus",
            "primary_queue_endpoint": "https://exampl2.queue.core.windows.net/",
            "primary_queue_host": "exampl2.queue.core.windows.net",
            "primary_table_endpoint": "https://exampl2.table.core.windows.net/",
            "primary_table_host": "exampl2.table.core.windows.net",
            "primary_web_endpoint": "https://exampl2.z13.web.core.windows.net/",
            "primary_web_host": "exampl2.z13.web.core.windows.net",
            "queue_encryption_key_type": "Service",
            "queue_properties": [
              {
                "cors_rule": [],
                "hour_metrics": [
                  {
                    "enabled": true,
                    "include_apis": true,
                    "retention_policy_days": 7,
                    "version": "1.0"
                  }
                ],
                "logging": [
                  {
                    "delete": false,
                    "read": false,
                    "retention_policy_days": 0,
                    "version": "1.0",
                    "write": false
                  }
                ],
                "minute_metrics": [
                  {
                    "enabled": false,
                    "include_apis": false,
                    "retention_policy_days": 0,
                    "version": "1.0"
                  }
                ]
              }
            ],
            "resource_group_name": "tfexampleRG",
            "routing": [],
            "secondary_access_key": "6aXzlUe+Dr6pvZu4ETxr5ZMH4zujBDxdRzfNfrHWKQA1Kwd/8/NImQxY3ht3cwgXbeiZB5zfQmrA+AStrz0CZw==",
            "secondary_blob_connection_string": "",
            "secondary_blob_endpoint": null,
            "secondary_blob_host": null,
            "secondary_connection_string": "DefaultEndpointsProtocol=https;AccountName=exampl2;AccountKey=6aXzlUe+Dr6pvZu4ETxr5ZMH4zujBDxdRzfNfrHWKQA1Kwd/8/NImQxY3ht3cwgXbeiZB5zfQmrA+AStrz0CZw==;EndpointSuffix=core.windows.net",
            "secondary_dfs_endpoint": null,
            "secondary_dfs_host": null,
            "secondary_file_endpoint": null,
            "secondary_file_host": null,
            "secondary_location": "westus",
            "secondary_queue_endpoint": null,
            "secondary_queue_host": null,
            "secondary_table_endpoint": null,
            "secondary_table_host": null,
            "secondary_web_endpoint": null,
            "secondary_web_host": null,
            "share_properties": [
              {
                "cors_rule": [],
                "retention_policy": [
                  {
                    "days": 7
                  }
                ],
                "smb": []
              }
            ],
            "shared_access_key_enabled": true,
            "static_website": [],
            "table_encryption_key_type": "Service",
            "tags": null,
            "timeouts": null
          },
          "sensitive_attributes": [],
          "private": "eyJlMmJmYjczMC1lY2FhLTExZTYtOGY4OC0zNDM2M2JjN2M0YzAiOnsiY3JlYXRlIjozNjAwMDAwMDAwMDAwLCJkZWxldGUiOjM2MDAwMDAwMDAwMDAsInJlYWQiOjMwMDAwMDAwMDAwMCwidXBkYXRlIjozNjAwMDAwMDAwMDAwfSwic2NoZW1hX3ZlcnNpb24iOiIzIn0=",
          "dependencies": [
            "module.ResourceGroup.azurerm_resource_group.example"
          ]
        }
      ]
    }
  ],
  "check_results": null
}
